{
  "version": 4,
  "terraform_version": "1.1.7",
  "serial": 15,
  "lineage": "1fac011f-1f38-76e4-8c17-bf2da6a92085",
  "outputs": {},
  "resources": [
    {
      "module": "module.snowfalke_resource",
      "mode": "managed",
      "type": "snowflake_table",
      "name": "demo_table",
      "provider": "provider[\"registry.terraform.io/snowflake-labs/snowflake\"]",
      "instances": [
        {
          "schema_version": 0,
          "attributes": {
            "change_tracking": false,
            "cluster_by": [],
            "column": [
              {
                "collate": "",
                "comment": "",
                "default": [],
                "identity": [],
                "masking_policy": "",
                "name": "id",
                "nullable": true,
                "schema_evolution_record": "",
                "type": "NUMBER(38,0)"
              },
              {
                "collate": "",
                "comment": "",
                "default": [],
                "identity": [],
                "masking_policy": "",
                "name": "data",
                "nullable": true,
                "schema_evolution_record": "",
                "type": "VARCHAR(16777216)"
              },
              {
                "collate": "",
                "comment": "",
                "default": [],
                "identity": [],
                "masking_policy": "",
                "name": "date",
                "nullable": true,
                "schema_evolution_record": "",
                "type": "TIMESTAMP_NTZ(9)"
              },
              {
                "collate": "",
                "comment": "",
                "default": [],
                "identity": [],
                "masking_policy": "",
                "name": "test_name",
                "nullable": true,
                "schema_evolution_record": "",
                "type": "VARCHAR(100)"
              }
            ],
            "comment": "demo table snowfalke cicd",
            "data_retention_time_in_days": -1,
            "database": "TESTDB",
            "id": "TESTDB|TESTSCHEMA|DemoTable",
            "name": "DemoTable",
            "owner": "ACCOUNTADMIN",
            "primary_key": [],
            "qualified_name": "\"TESTDB\".\"TESTSCHEMA\".\"DemoTable\"",
            "schema": "TESTSCHEMA",
            "tag": []
          },
          "sensitive_attributes": [],
          "private": "bnVsbA=="
        }
      ]
    }
  ]
}
